
Microsoft Visual Studio Solution File, Format Version 12.00
# Visual Studio Version 17
VisualStudioVersion = 17.14.36212.18 d17.14
MinimumVisualStudioVersion = 10.0.40219.1
Project("{FAE04EC0-301F-11D3-BF4B-00C04F79EFBC}") = "BBBBot", "BBBBot\BBBBot.csproj", "{50CC8FDA-EA76-412E-97BE-775AE620C9DE}"
EndProject
Global
	GlobalSection(SolutionConfigurationPlatforms) = preSolution
		Debug|Any CPU = Debug|Any CPU
		Release|Any CPU = Release|Any CPU
	EndGlobalSection
	GlobalSection(ProjectConfigurationPlatforms) = postSolution
		{50CC8FDA-EA76-412E-97BE-775AE620C9DE}.Debug|Any CPU.ActiveCfg = Debug|Any CPU
		{50CC8FDA-EA76-412E-97BE-775AE620C9DE}.Debug|Any CPU.Build.0 = Debug|Any CPU
		{50CC8FDA-EA76-412E-97BE-775AE620C9DE}.Release|Any CPU.ActiveCfg = Release|Any CPU
		{50CC8FDA-EA76-412E-97BE-775AE620C9DE}.Release|Any CPU.Build.0 = Release|Any CPU
	EndGlobalSection
	GlobalSection(SolutionProperties) = preSolution
		HideSolutionNode = FALSE
	EndGlobalSection
	GlobalSection(ExtensibilityGlobals) = postSolution
		SolutionGuid = {46071548-90FD-4A95-A159-358813F3A766}
	EndGlobalSection
EndGlobal
